github.com/Kansuler/octobe/v2 v2.0.0-20231222123441-5a4840494eaf h1:CLY87hdUnWdSttmalq8rPmLx0V6p5ZVGsy/nczx70Hg=
github.com/Kansuler/octobe/v2 v2.0.0-20231222123441-5a4840494eaf/go.mod h1:eJtv4nmpMFBDun61Tmk/cYsCgCIqpRhbuCCzGL0P3Ig=
github.com/Kansuler/octobe/v2 v2.0.0-20231222135250-80258178b429 h1:Ib6vxuOKU98tHCBWN8GNp8+nFAkT9v61ogGsew3cu2Y=
github.com/Kansuler/octobe/v2 v2.0.0-20231222135250-80258178b429/go.mod h1:Jjj4AriFqMIDTlLZc/tSNu7mhXV5I0jEC/YT11WkWNc=
github.com/go-chi/chi/v5 v5.0.11 h1:BnpYbFZ3T3S1WMpD79r7R5ThWX40TaFB7L31Y8xqSwA=
github.com/go-chi/chi/v5 v5.0.11/go.mod h1:DslCQbL2OYiznFReuXYUmQ2hGd1aDpCnlMNITLSKoi8=
